
Microsoft Visual Studio Solution File, Format Version 12.00
# Visual Studio Version 16
VisualStudioVersion = 16.0.29920.165
MinimumVisualStudioVersion = 10.0.40219.1
Project("{FAE04EC0-301F-11D3-BF4B-00C04F79EFBC}") = "WebAPI", "WebAPI\WebAPI.csproj", "{FBF5230C-CE08-4162-9DE6-4508E00F56DC}"
EndProject
Global
	GlobalSection(SolutionConfigurationPlatforms) = preSolution
		Debug|Any CPU = Debug|Any CPU
		Release|Any CPU = Release|Any CPU
	EndGlobalSection
	GlobalSection(ProjectConfigurationPlatforms) = postSolution
		{FBF5230C-CE08-4162-9DE6-4508E00F56DC}.Debug|Any CPU.ActiveCfg = Debug|Any CPU
		{FBF5230C-CE08-4162-9DE6-4508E00F56DC}.Debug|Any CPU.Build.0 = Debug|Any CPU
		{FBF5230C-CE08-4162-9DE6-4508E00F56DC}.Release|Any CPU.ActiveCfg = Release|Any CPU
		{FBF5230C-CE08-4162-9DE6-4508E00F56DC}.Release|Any CPU.Build.0 = Release|Any CPU
	EndGlobalSection
	GlobalSection(SolutionProperties) = preSolution
		HideSolutionNode = FALSE
	EndGlobalSection
	GlobalSection(ExtensibilityGlobals) = postSolution
		SolutionGuid = {703FCE2D-E017-471C-854D-F0B8A2374D69}
	EndGlobalSection
EndGlobal
